// !$*UTF8*$!
{
	archiveVersion = 1;
	classes = {
	};
	objectVersion = 50;
	objects = {

/* Begin PBXBuildFile section */
		594742A2261BC2C400E88576 /* AppDelegate.swift in Sources */ = {isa = PBXBuildFile; fileRef = 594742A1261BC2C400E88576 /* AppDelegate.swift */; };
		594742AB261BC2C500E88576 /* Assets.xcassets in Resources */ = {isa = PBXBuildFile; fileRef = 594742AA261BC2C500E88576 /* Assets.xcassets */; };
		594742AE261BC2C500E88576 /* LaunchScreen.storyboard in Resources */ = {isa = PBXBuildFile; fileRef = 594742AC261BC2C500E88576 /* LaunchScreen.storyboard */; };
		594742B9261BC2C500E88576 /* Stash_iOS_ChallengeTests.swift in Sources */ = {isa = PBXBuildFile; fileRef = 594742B8261BC2C500E88576 /* Stash_iOS_ChallengeTests.swift */; };
		594742C4261BC2C500E88576 /* Stash_iOS_ChallengeUITests.swift in Sources */ = {isa = PBXBuildFile; fileRef = 594742C3261BC2C500E88576 /* Stash_iOS_ChallengeUITests.swift */; };
		594742DD261BC55500E88576 /* achievements.json in Resources */ = {isa = PBXBuildFile; fileRef = 594742DC261BC55500E88576 /* achievements.json */; };
		594742E3261BC5B200E88576 /* Achievement.swift in Sources */ = {isa = PBXBuildFile; fileRef = 594742E2261BC5B200E88576 /* Achievement.swift */; };
		594742F3261BC7D000E88576 /* Overview.swift in Sources */ = {isa = PBXBuildFile; fileRef = 594742F2261BC7D000E88576 /* Overview.swift */; };
		594742FB261BC82700E88576 /* AchievementList.swift in Sources */ = {isa = PBXBuildFile; fileRef = 594742FA261BC82700E88576 /* AchievementList.swift */; };
		59474308261BC99800E88576 /* ModelProviding.swift in Sources */ = {isa = PBXBuildFile; fileRef = 59474307261BC99800E88576 /* ModelProviding.swift */; };
		59474310261BC9A800E88576 /* ModelProvider.swift in Sources */ = {isa = PBXBuildFile; fileRef = 5947430F261BC9A800E88576 /* ModelProvider.swift */; };
		59474316261BC9F200E88576 /* HTTPProviding.swift in Sources */ = {isa = PBXBuildFile; fileRef = 59474315261BC9F200E88576 /* HTTPProviding.swift */; };
		5947432A261BCA4300E88576 /* RestEndpoint.swift in Sources */ = {isa = PBXBuildFile; fileRef = 59474329261BCA4300E88576 /* RestEndpoint.swift */; };
		5947432F261BCA6700E88576 /* AchievementsEndpoint.swift in Sources */ = {isa = PBXBuildFile; fileRef = 5947432E261BCA6700E88576 /* AchievementsEndpoint.swift */; };
		59474334261BCA9200E88576 /* HTTPProvider.swift in Sources */ = {isa = PBXBuildFile; fileRef = 59474333261BCA9200E88576 /* HTTPProvider.swift */; };
		59474340261BCBF100E88576 /* NetworkRequesting.swift in Sources */ = {isa = PBXBuildFile; fileRef = 5947433F261BCBF100E88576 /* NetworkRequesting.swift */; };
		59474348261BCC0B00E88576 /* NetworkRequester.swift in Sources */ = {isa = PBXBuildFile; fileRef = 59474347261BCC0B00E88576 /* NetworkRequester.swift */; };
		59474351261BCED300E88576 /* AchievementsService.swift in Sources */ = {isa = PBXBuildFile; fileRef = 59474350261BCED300E88576 /* AchievementsService.swift */; };
		59474356261BCF3000E88576 /* AchievementsServiceAPI.swift in Sources */ = {isa = PBXBuildFile; fileRef = 59474355261BCF3000E88576 /* AchievementsServiceAPI.swift */; };
		59474360261BCFBF00E88576 /* AchievementsInteractor.swift in Sources */ = {isa = PBXBuildFile; fileRef = 5947435F261BCFBF00E88576 /* AchievementsInteractor.swift */; };
		59474365261BD01400E88576 /* AchievementsProtocols.swift in Sources */ = {isa = PBXBuildFile; fileRef = 59474364261BD01400E88576 /* AchievementsProtocols.swift */; };
		5947436A261BD7A400E88576 /* AchievementsPresenter.swift in Sources */ = {isa = PBXBuildFile; fileRef = 59474369261BD7A400E88576 /* AchievementsPresenter.swift */; };
		5947436F261BF05300E88576 /* AchievementsViewController.swift in Sources */ = {isa = PBXBuildFile; fileRef = 5947436E261BF05300E88576 /* AchievementsViewController.swift */; };
		59474374261BF19D00E88576 /* AchievementsRouter.swift in Sources */ = {isa = PBXBuildFile; fileRef = 59474373261BF19D00E88576 /* AchievementsRouter.swift */; };
		5947438B261E10D900E88576 /* Extensions.swift in Sources */ = {isa = PBXBuildFile; fileRef = 5947438A261E10D900E88576 /* Extensions.swift */; };
		59474391261E11FC00E88576 /* AchievementCell.swift in Sources */ = {isa = PBXBuildFile; fileRef = 59474390261E11FC00E88576 /* AchievementCell.swift */; };
		59474396261E541800E88576 /* LevelView.swift in Sources */ = {isa = PBXBuildFile; fileRef = 59474395261E541800E88576 /* LevelView.swift */; };
		5947439B261E543200E88576 /* ProgressBarView.swift in Sources */ = {isa = PBXBuildFile; fileRef = 5947439A261E543200E88576 /* ProgressBarView.swift */; };
/* End PBXBuildFile section */

/* Begin PBXContainerItemProxy section */
		594742B5261BC2C500E88576 /* PBXContainerItemProxy */ = {
			isa = PBXContainerItemProxy;
			containerPortal = 59474296261BC2C400E88576 /* Project object */;
			proxyType = 1;
			remoteGlobalIDString = 5947429D261BC2C400E88576;
			remoteInfo = Stash_iOS_Challenge;
		};
		594742C0261BC2C500E88576 /* PBXContainerItemProxy */ = {
			isa = PBXContainerItemProxy;
			containerPortal = 59474296261BC2C400E88576 /* Project object */;
			proxyType = 1;
			remoteGlobalIDString = 5947429D261BC2C400E88576;
			remoteInfo = Stash_iOS_Challenge;
		};
/* End PBXContainerItemProxy section */

/* Begin PBXFileReference section */
		5947429E261BC2C400E88576 /* Stash_iOS_Challenge.app */ = {isa = PBXFileReference; explicitFileType = wrapper.application; includeInIndex = 0; path = Stash_iOS_Challenge.app; sourceTree = BUILT_PRODUCTS_DIR; };
		594742A1261BC2C400E88576 /* AppDelegate.swift */ = {isa = PBXFileReference; lastKnownFileType = sourcecode.swift; path = AppDelegate.swift; sourceTree = "<group>"; };
		594742AA261BC2C500E88576 /* Assets.xcassets */ = {isa = PBXFileReference; lastKnownFileType = folder.assetcatalog; path = Assets.xcassets; sourceTree = "<group>"; };
		594742AD261BC2C500E88576 /* Base */ = {isa = PBXFileReference; lastKnownFileType = file.storyboard; name = Base; path = Base.lproj/LaunchScreen.storyboard; sourceTree = "<group>"; };
		594742AF261BC2C500E88576 /* Info.plist */ = {isa = PBXFileReference; lastKnownFileType = text.plist.xml; path = Info.plist; sourceTree = "<group>"; };
		594742B4261BC2C500E88576 /* Stash_iOS_ChallengeTests.xctest */ = {isa = PBXFileReference; explicitFileType = wrapper.cfbundle; includeInIndex = 0; path = Stash_iOS_ChallengeTests.xctest; sourceTree = BUILT_PRODUCTS_DIR; };
		594742B8261BC2C500E88576 /* Stash_iOS_ChallengeTests.swift */ = {isa = PBXFileReference; lastKnownFileType = sourcecode.swift; path = Stash_iOS_ChallengeTests.swift; sourceTree = "<group>"; };
		594742BA261BC2C500E88576 /* Info.plist */ = {isa = PBXFileReference; lastKnownFileType = text.plist.xml; path = Info.plist; sourceTree = "<group>"; };
		594742BF261BC2C500E88576 /* Stash_iOS_ChallengeUITests.xctest */ = {isa = PBXFileReference; explicitFileType = wrapper.cfbundle; includeInIndex = 0; path = Stash_iOS_ChallengeUITests.xctest; sourceTree = BUILT_PRODUCTS_DIR; };
		594742C3261BC2C500E88576 /* Stash_iOS_ChallengeUITests.swift */ = {isa = PBXFileReference; lastKnownFileType = sourcecode.swift; path = Stash_iOS_ChallengeUITests.swift; sourceTree = "<group>"; };
		594742C5261BC2C500E88576 /* Info.plist */ = {isa = PBXFileReference; lastKnownFileType = text.plist.xml; path = Info.plist; sourceTree = "<group>"; };
		594742DC261BC55500E88576 /* achievements.json */ = {isa = PBXFileReference; fileEncoding = 4; lastKnownFileType = text.json; path = achievements.json; sourceTree = "<group>"; };
		594742E2261BC5B200E88576 /* Achievement.swift */ = {isa = PBXFileReference; lastKnownFileType = sourcecode.swift; path = Achievement.swift; sourceTree = "<group>"; };
		594742F2261BC7D000E88576 /* Overview.swift */ = {isa = PBXFileReference; lastKnownFileType = sourcecode.swift; path = Overview.swift; sourceTree = "<group>"; };
		594742FA261BC82700E88576 /* AchievementList.swift */ = {isa = PBXFileReference; lastKnownFileType = sourcecode.swift; path = AchievementList.swift; sourceTree = "<group>"; };
		59474307261BC99800E88576 /* ModelProviding.swift */ = {isa = PBXFileReference; lastKnownFileType = sourcecode.swift; path = ModelProviding.swift; sourceTree = "<group>"; };
		5947430F261BC9A800E88576 /* ModelProvider.swift */ = {isa = PBXFileReference; lastKnownFileType = sourcecode.swift; path = ModelProvider.swift; sourceTree = "<group>"; };
		59474315261BC9F200E88576 /* HTTPProviding.swift */ = {isa = PBXFileReference; lastKnownFileType = sourcecode.swift; path = HTTPProviding.swift; sourceTree = "<group>"; };
		59474329261BCA4300E88576 /* RestEndpoint.swift */ = {isa = PBXFileReference; lastKnownFileType = sourcecode.swift; path = RestEndpoint.swift; sourceTree = "<group>"; };
		5947432E261BCA6700E88576 /* AchievementsEndpoint.swift */ = {isa = PBXFileReference; lastKnownFileType = sourcecode.swift; path = AchievementsEndpoint.swift; sourceTree = "<group>"; };
		59474333261BCA9200E88576 /* HTTPProvider.swift */ = {isa = PBXFileReference; lastKnownFileType = sourcecode.swift; path = HTTPProvider.swift; sourceTree = "<group>"; };
		5947433F261BCBF100E88576 /* NetworkRequesting.swift */ = {isa = PBXFileReference; lastKnownFileType = sourcecode.swift; path = NetworkRequesting.swift; sourceTree = "<group>"; };
		59474347261BCC0B00E88576 /* NetworkRequester.swift */ = {isa = PBXFileReference; lastKnownFileType = sourcecode.swift; path = NetworkRequester.swift; sourceTree = "<group>"; };
		59474350261BCED300E88576 /* AchievementsService.swift */ = {isa = PBXFileReference; lastKnownFileType = sourcecode.swift; path = AchievementsService.swift; sourceTree = "<group>"; };
		59474355261BCF3000E88576 /* AchievementsServiceAPI.swift */ = {isa = PBXFileReference; lastKnownFileType = sourcecode.swift; path = AchievementsServiceAPI.swift; sourceTree = "<group>"; };
		5947435F261BCFBF00E88576 /* AchievementsInteractor.swift */ = {isa = PBXFileReference; lastKnownFileType = sourcecode.swift; path = AchievementsInteractor.swift; sourceTree = "<group>"; };
		59474364261BD01400E88576 /* AchievementsProtocols.swift */ = {isa = PBXFileReference; lastKnownFileType = sourcecode.swift; path = AchievementsProtocols.swift; sourceTree = "<group>"; };
		59474369261BD7A400E88576 /* AchievementsPresenter.swift */ = {isa = PBXFileReference; lastKnownFileType = sourcecode.swift; path = AchievementsPresenter.swift; sourceTree = "<group>"; };
		5947436E261BF05300E88576 /* AchievementsViewController.swift */ = {isa = PBXFileReference; lastKnownFileType = sourcecode.swift; path = AchievementsViewController.swift; sourceTree = "<group>"; };
		59474373261BF19D00E88576 /* AchievementsRouter.swift */ = {isa = PBXFileReference; lastKnownFileType = sourcecode.swift; path = AchievementsRouter.swift; sourceTree = "<group>"; };
		5947438A261E10D900E88576 /* Extensions.swift */ = {isa = PBXFileReference; lastKnownFileType = sourcecode.swift; path = Extensions.swift; sourceTree = "<group>"; };
		59474390261E11FC00E88576 /* AchievementCell.swift */ = {isa = PBXFileReference; lastKnownFileType = sourcecode.swift; path = AchievementCell.swift; sourceTree = "<group>"; };
		59474395261E541800E88576 /* LevelView.swift */ = {isa = PBXFileReference; lastKnownFileType = sourcecode.swift; path = LevelView.swift; sourceTree = "<group>"; };
		5947439A261E543200E88576 /* ProgressBarView.swift */ = {isa = PBXFileReference; lastKnownFileType = sourcecode.swift; path = ProgressBarView.swift; sourceTree = "<group>"; };
/* End PBXFileReference section */

/* Begin PBXFrameworksBuildPhase section */
		5947429B261BC2C400E88576 /* Frameworks */ = {
			isa = PBXFrameworksBuildPhase;
			buildActionMask = 2147483647;
			files = (
			);
			runOnlyForDeploymentPostprocessing = 0;
		};
		594742B1261BC2C500E88576 /* Frameworks */ = {
			isa = PBXFrameworksBuildPhase;
			buildActionMask = 2147483647;
			files = (
			);
			runOnlyForDeploymentPostprocessing = 0;
		};
		594742BC261BC2C500E88576 /* Frameworks */ = {
			isa = PBXFrameworksBuildPhase;
			buildActionMask = 2147483647;
			files = (
			);
			runOnlyForDeploymentPostprocessing = 0;
		};
/* End PBXFrameworksBuildPhase section */

/* Begin PBXGroup section */
		59474295261BC2C400E88576 = {
			isa = PBXGroup;
			children = (
				594742A0261BC2C400E88576 /* Stash_iOS_Challenge */,
				594742B7261BC2C500E88576 /* Stash_iOS_ChallengeTests */,
				594742C2261BC2C500E88576 /* Stash_iOS_ChallengeUITests */,
				5947429F261BC2C400E88576 /* Products */,
			);
			sourceTree = "<group>";
		};
		5947429F261BC2C400E88576 /* Products */ = {
			isa = PBXGroup;
			children = (
				5947429E261BC2C400E88576 /* Stash_iOS_Challenge.app */,
				594742B4261BC2C500E88576 /* Stash_iOS_ChallengeTests.xctest */,
				594742BF261BC2C500E88576 /* Stash_iOS_ChallengeUITests.xctest */,
			);
			name = Products;
			sourceTree = "<group>";
		};
		594742A0261BC2C400E88576 /* Stash_iOS_Challenge */ = {
			isa = PBXGroup;
			children = (
				594742AF261BC2C500E88576 /* Info.plist */,
				594742A1261BC2C400E88576 /* AppDelegate.swift */,
				594742AA261BC2C500E88576 /* Assets.xcassets */,
				5947435D261BCF8A00E88576 /* Features */,
				594742AC261BC2C500E88576 /* LaunchScreen.storyboard */,
				594742E1261BC58100E88576 /* Models */,
				594742DB261BC53700E88576 /* Resources */,
				594742DA261BC52400E88576 /* Services */,
				59474389261E10CE00E88576 /* Utilities */,
			);
			path = Stash_iOS_Challenge;
			sourceTree = "<group>";
		};
		594742B7261BC2C500E88576 /* Stash_iOS_ChallengeTests */ = {
			isa = PBXGroup;
			children = (
				594742B8261BC2C500E88576 /* Stash_iOS_ChallengeTests.swift */,
				594742BA261BC2C500E88576 /* Info.plist */,
			);
			path = Stash_iOS_ChallengeTests;
			sourceTree = "<group>";
		};
		594742C2261BC2C500E88576 /* Stash_iOS_ChallengeUITests */ = {
			isa = PBXGroup;
			children = (
				594742C3261BC2C500E88576 /* Stash_iOS_ChallengeUITests.swift */,
				594742C5261BC2C500E88576 /* Info.plist */,
			);
			path = Stash_iOS_ChallengeUITests;
			sourceTree = "<group>";
		};
		594742DA261BC52400E88576 /* Services */ = {
			isa = PBXGroup;
			children = (
				5947434F261BCEBC00E88576 /* Achievements */,
				5947431D261BCA1500E88576 /* Endpoints */,
				59474314261BC9E900E88576 /* HTTPProviding */,
				59474306261BC98E00E88576 /* ModelProviding */,
				5947433E261BCBBF00E88576 /* NetworkRequesting */,
			);
			path = Services;
			sourceTree = "<group>";
		};
		594742DB261BC53700E88576 /* Resources */ = {
			isa = PBXGroup;
			children = (
				594742DC261BC55500E88576 /* achievements.json */,
			);
			path = Resources;
			sourceTree = "<group>";
		};
		594742E1261BC58100E88576 /* Models */ = {
			isa = PBXGroup;
			children = (
				594742E2261BC5B200E88576 /* Achievement.swift */,
				594742FA261BC82700E88576 /* AchievementList.swift */,
				594742F2261BC7D000E88576 /* Overview.swift */,
			);
			path = Models;
			sourceTree = "<group>";
		};
		59474306261BC98E00E88576 /* ModelProviding */ = {
			isa = PBXGroup;
			children = (
				5947430F261BC9A800E88576 /* ModelProvider.swift */,
				59474307261BC99800E88576 /* ModelProviding.swift */,
			);
			path = ModelProviding;
			sourceTree = "<group>";
		};
		59474314261BC9E900E88576 /* HTTPProviding */ = {
			isa = PBXGroup;
			children = (
				59474333261BCA9200E88576 /* HTTPProvider.swift */,
				59474315261BC9F200E88576 /* HTTPProviding.swift */,
			);
			path = HTTPProviding;
			sourceTree = "<group>";
		};
		5947431D261BCA1500E88576 /* Endpoints */ = {
			isa = PBXGroup;
			children = (
				5947432E261BCA6700E88576 /* AchievementsEndpoint.swift */,
				59474329261BCA4300E88576 /* RestEndpoint.swift */,
			);
			path = Endpoints;
			sourceTree = "<group>";
		};
		5947433E261BCBBF00E88576 /* NetworkRequesting */ = {
			isa = PBXGroup;
			children = (
				59474347261BCC0B00E88576 /* NetworkRequester.swift */,
				5947433F261BCBF100E88576 /* NetworkRequesting.swift */,
			);
			path = NetworkRequesting;
			sourceTree = "<group>";
		};
		5947434F261BCEBC00E88576 /* Achievements */ = {
			isa = PBXGroup;
			children = (
				59474350261BCED300E88576 /* AchievementsService.swift */,
				59474355261BCF3000E88576 /* AchievementsServiceAPI.swift */,
			);
			path = Achievements;
			sourceTree = "<group>";
		};
		5947435D261BCF8A00E88576 /* Features */ = {
			isa = PBXGroup;
			children = (
				5947435E261BCFA400E88576 /* Achievements */,
			);
			path = Features;
			sourceTree = "<group>";
		};
		5947435E261BCFA400E88576 /* Achievements */ = {
			isa = PBXGroup;
			children = (
				5947438F261E118500E88576 /* Cells */,
				5947435F261BCFBF00E88576 /* AchievementsInteractor.swift */,
				59474369261BD7A400E88576 /* AchievementsPresenter.swift */,
				59474364261BD01400E88576 /* AchievementsProtocols.swift */,
				59474373261BF19D00E88576 /* AchievementsRouter.swift */,
				5947436E261BF05300E88576 /* AchievementsViewController.swift */,
			);
			path = Achievements;
			sourceTree = "<group>";
		};
		59474389261E10CE00E88576 /* Utilities */ = {
			isa = PBXGroup;
			children = (
				5947438A261E10D900E88576 /* Extensions.swift */,
			);
			path = Utilities;
			sourceTree = "<group>";
		};
		5947438F261E118500E88576 /* Cells */ = {
			isa = PBXGroup;
			children = (
				59474390261E11FC00E88576 /* AchievementCell.swift */,
				59474395261E541800E88576 /* LevelView.swift */,
				5947439A261E543200E88576 /* ProgressBarView.swift */,
			);
			path = Cells;
			sourceTree = "<group>";
		};
/* End PBXGroup section */

/* Begin PBXNativeTarget section */
		5947429D261BC2C400E88576 /* Stash_iOS_Challenge */ = {
			isa = PBXNativeTarget;
			buildConfigurationList = 594742C8261BC2C500E88576 /* Build configuration list for PBXNativeTarget "Stash_iOS_Challenge" */;
			buildPhases = (
				5947429A261BC2C400E88576 /* Sources */,
				5947429B261BC2C400E88576 /* Frameworks */,
				5947429C261BC2C400E88576 /* Resources */,
			);
			buildRules = (
			);
			dependencies = (
			);
			name = Stash_iOS_Challenge;
			productName = Stash_iOS_Challenge;
			productReference = 5947429E261BC2C400E88576 /* Stash_iOS_Challenge.app */;
			productType = "com.apple.product-type.application";
		};
		594742B3261BC2C500E88576 /* Stash_iOS_ChallengeTests */ = {
			isa = PBXNativeTarget;
			buildConfigurationList = 594742CB261BC2C500E88576 /* Build configuration list for PBXNativeTarget "Stash_iOS_ChallengeTests" */;
			buildPhases = (
				594742B0261BC2C500E88576 /* Sources */,
				594742B1261BC2C500E88576 /* Frameworks */,
				594742B2261BC2C500E88576 /* Resources */,
			);
			buildRules = (
			);
			dependencies = (
				594742B6261BC2C500E88576 /* PBXTargetDependency */,
			);
			name = Stash_iOS_ChallengeTests;
			productName = Stash_iOS_ChallengeTests;
			productReference = 594742B4261BC2C500E88576 /* Stash_iOS_ChallengeTests.xctest */;
			productType = "com.apple.product-type.bundle.unit-test";
		};
		594742BE261BC2C500E88576 /* Stash_iOS_ChallengeUITests */ = {
			isa = PBXNativeTarget;
			buildConfigurationList = 594742CE261BC2C500E88576 /* Build configuration list for PBXNativeTarget "Stash_iOS_ChallengeUITests" */;
			buildPhases = (
				594742BB261BC2C500E88576 /* Sources */,
				594742BC261BC2C500E88576 /* Frameworks */,
				594742BD261BC2C500E88576 /* Resources */,
			);
			buildRules = (
			);
			dependencies = (
				594742C1261BC2C500E88576 /* PBXTargetDependency */,
			);
			name = Stash_iOS_ChallengeUITests;
			productName = Stash_iOS_ChallengeUITests;
			productReference = 594742BF261BC2C500E88576 /* Stash_iOS_ChallengeUITests.xctest */;
			productType = "com.apple.product-type.bundle.ui-testing";
		};
/* End PBXNativeTarget section */

/* Begin PBXProject section */
		59474296261BC2C400E88576 /* Project object */ = {
			isa = PBXProject;
			attributes = {
				LastSwiftUpdateCheck = 1240;
				LastUpgradeCheck = 1240;
				TargetAttributes = {
					5947429D261BC2C400E88576 = {
						CreatedOnToolsVersion = 12.4;
					};
					594742B3261BC2C500E88576 = {
						CreatedOnToolsVersion = 12.4;
						TestTargetID = 5947429D261BC2C400E88576;
					};
					594742BE261BC2C500E88576 = {
						CreatedOnToolsVersion = 12.4;
						TestTargetID = 5947429D261BC2C400E88576;
					};
				};
			};
			buildConfigurationList = 59474299261BC2C400E88576 /* Build configuration list for PBXProject "Stash_iOS_Challenge" */;
			compatibilityVersion = "Xcode 9.3";
			developmentRegion = en;
			hasScannedForEncodings = 0;
			knownRegions = (
				en,
				Base,
			);
			mainGroup = 59474295261BC2C400E88576;
			productRefGroup = 5947429F261BC2C400E88576 /* Products */;
			projectDirPath = "";
			projectRoot = "";
			targets = (
				5947429D261BC2C400E88576 /* Stash_iOS_Challenge */,
				594742B3261BC2C500E88576 /* Stash_iOS_ChallengeTests */,
				594742BE261BC2C500E88576 /* Stash_iOS_ChallengeUITests */,
			);
		};
/* End PBXProject section */

/* Begin PBXResourcesBuildPhase section */
		5947429C261BC2C400E88576 /* Resources */ = {
			isa = PBXResourcesBuildPhase;
			buildActionMask = 2147483647;
			files = (
				594742AE261BC2C500E88576 /* LaunchScreen.storyboard in Resources */,
				594742DD261BC55500E88576 /* achievements.json in Resources */,
				594742AB261BC2C500E88576 /* Assets.xcassets in Resources */,
			);
			runOnlyForDeploymentPostprocessing = 0;
		};
		594742B2261BC2C500E88576 /* Resources */ = {
			isa = PBXResourcesBuildPhase;
			buildActionMask = 2147483647;
			files = (
			);
			runOnlyForDeploymentPostprocessing = 0;
		};
		594742BD261BC2C500E88576 /* Resources */ = {
			isa = PBXResourcesBuildPhase;
			buildActionMask = 2147483647;
			files = (
			);
			runOnlyForDeploymentPostprocessing = 0;
		};
/* End PBXResourcesBuildPhase section */

/* Begin PBXSourcesBuildPhase section */
		5947429A261BC2C400E88576 /* Sources */ = {
			isa = PBXSourcesBuildPhase;
			buildActionMask = 2147483647;
			files = (
				5947436F261BF05300E88576 /* AchievementsViewController.swift in Sources */,
				594742F3261BC7D000E88576 /* Overview.swift in Sources */,
				59474351261BCED300E88576 /* AchievementsService.swift in Sources */,
				59474374261BF19D00E88576 /* AchievementsRouter.swift in Sources */,
				59474356261BCF3000E88576 /* AchievementsServiceAPI.swift in Sources */,
				59474396261E541800E88576 /* LevelView.swift in Sources */,
				5947436A261BD7A400E88576 /* AchievementsPresenter.swift in Sources */,
				59474308261BC99800E88576 /* ModelProviding.swift in Sources */,
				59474334261BCA9200E88576 /* HTTPProvider.swift in Sources */,
				5947439B261E543200E88576 /* ProgressBarView.swift in Sources */,
				59474310261BC9A800E88576 /* ModelProvider.swift in Sources */,
				59474360261BCFBF00E88576 /* AchievementsInteractor.swift in Sources */,
				59474365261BD01400E88576 /* AchievementsProtocols.swift in Sources */,
				59474316261BC9F200E88576 /* HTTPProviding.swift in Sources */,
				5947432A261BCA4300E88576 /* RestEndpoint.swift in Sources */,
				59474391261E11FC00E88576 /* AchievementCell.swift in Sources */,
				5947432F261BCA6700E88576 /* AchievementsEndpoint.swift in Sources */,
				594742FB261BC82700E88576 /* AchievementList.swift in Sources */,
				5947438B261E10D900E88576 /* Extensions.swift in Sources */,
				594742A2261BC2C400E88576 /* AppDelegate.swift in Sources */,
				594742E3261BC5B200E88576 /* Achievement.swift in Sources */,
				59474340261BCBF100E88576 /* NetworkRequesting.swift in Sources */,
				59474348261BCC0B00E88576 /* NetworkRequester.swift in Sources */,
			);
			runOnlyForDeploymentPostprocessing = 0;
		};
		594742B0261BC2C500E88576 /* Sources */ = {
			isa = PBXSourcesBuildPhase;
			buildActionMask = 2147483647;
			files = (
				594742B9261BC2C500E88576 /* Stash_iOS_ChallengeTests.swift in Sources */,
			);
			runOnlyForDeploymentPostprocessing = 0;
		};
		594742BB261BC2C500E88576 /* Sources */ = {
			isa = PBXSourcesBuildPhase;
			buildActionMask = 2147483647;
			files = (
				594742C4261BC2C500E88576 /* Stash_iOS_ChallengeUITests.swift in Sources */,
			);
			runOnlyForDeploymentPostprocessing = 0;
		};
/* End PBXSourcesBuildPhase section */

/* Begin PBXTargetDependency section */
		594742B6261BC2C500E88576 /* PBXTargetDependency */ = {
			isa = PBXTargetDependency;
			target = 5947429D261BC2C400E88576 /* Stash_iOS_Challenge */;
			targetProxy = 594742B5261BC2C500E88576 /* PBXContainerItemProxy */;
		};
		594742C1261BC2C500E88576 /* PBXTargetDependency */ = {
			isa = PBXTargetDependency;
			target = 5947429D261BC2C400E88576 /* Stash_iOS_Challenge */;
			targetProxy = 594742C0261BC2C500E88576 /* PBXContainerItemProxy */;
		};
/* End PBXTargetDependency section */

/* Begin PBXVariantGroup section */
		594742AC261BC2C500E88576 /* LaunchScreen.storyboard */ = {
			isa = PBXVariantGroup;
			children = (
				594742AD261BC2C500E88576 /* Base */,
			);
			name = LaunchScreen.storyboard;
			sourceTree = "<group>";
		};
/* End PBXVariantGroup section */

/* Begin XCBuildConfiguration section */
		594742C6261BC2C500E88576 /* Debug */ = {
			isa = XCBuildConfiguration;
			buildSettings = {
				ALWAYS_SEARCH_USER_PATHS = NO;
				CLANG_ANALYZER_NONNULL = YES;
				CLANG_ANALYZER_NUMBER_OBJECT_CONVERSION = YES_AGGRESSIVE;
				CLANG_CXX_LANGUAGE_STANDARD = "gnu++14";
				CLANG_CXX_LIBRARY = "libc++";
				CLANG_ENABLE_MODULES = YES;
				CLANG_ENABLE_OBJC_ARC = YES;
				CLANG_ENABLE_OBJC_WEAK = YES;
				CLANG_WARN_BLOCK_CAPTURE_AUTORELEASING = YES;
				CLANG_WARN_BOOL_CONVERSION = YES;
				CLANG_WARN_COMMA = YES;
				CLANG_WARN_CONSTANT_CONVERSION = YES;
				CLANG_WARN_DEPRECATED_OBJC_IMPLEMENTATIONS = YES;
				CLANG_WARN_DIRECT_OBJC_ISA_USAGE = YES_ERROR;
				CLANG_WARN_DOCUMENTATION_COMMENTS = YES;
				CLANG_WARN_EMPTY_BODY = YES;
				CLANG_WARN_ENUM_CONVERSION = YES;
				CLANG_WARN_INFINITE_RECURSION = YES;
				CLANG_WARN_INT_CONVERSION = YES;
				CLANG_WARN_NON_LITERAL_NULL_CONVERSION = YES;
				CLANG_WARN_OBJC_IMPLICIT_RETAIN_SELF = YES;
				CLANG_WARN_OBJC_LITERAL_CONVERSION = YES;
				CLANG_WARN_OBJC_ROOT_CLASS = YES_ERROR;
				CLANG_WARN_QUOTED_INCLUDE_IN_FRAMEWORK_HEADER = YES;
				CLANG_WARN_RANGE_LOOP_ANALYSIS = YES;
				CLANG_WARN_STRICT_PROTOTYPES = YES;
				CLANG_WARN_SUSPICIOUS_MOVE = YES;
				CLANG_WARN_UNGUARDED_AVAILABILITY = YES_AGGRESSIVE;
				CLANG_WARN_UNREACHABLE_CODE = YES;
				CLANG_WARN__DUPLICATE_METHOD_MATCH = YES;
				COPY_PHASE_STRIP = NO;
				DEBUG_INFORMATION_FORMAT = dwarf;
				ENABLE_STRICT_OBJC_MSGSEND = YES;
				ENABLE_TESTABILITY = YES;
				GCC_C_LANGUAGE_STANDARD = gnu11;
				GCC_DYNAMIC_NO_PIC = NO;
				GCC_NO_COMMON_BLOCKS = YES;
				GCC_OPTIMIZATION_LEVEL = 0;
				GCC_PREPROCESSOR_DEFINITIONS = (
					"DEBUG=1",
					"$(inherited)",
				);
				GCC_WARN_64_TO_32_BIT_CONVERSION = YES;
				GCC_WARN_ABOUT_RETURN_TYPE = YES_ERROR;
				GCC_WARN_UNDECLARED_SELECTOR = YES;
				GCC_WARN_UNINITIALIZED_AUTOS = YES_AGGRESSIVE;
				GCC_WARN_UNUSED_FUNCTION = YES;
				GCC_WARN_UNUSED_VARIABLE = YES;
				IPHONEOS_DEPLOYMENT_TARGET = 14.4;
				MTL_ENABLE_DEBUG_INFO = INCLUDE_SOURCE;
				MTL_FAST_MATH = YES;
				ONLY_ACTIVE_ARCH = YES;
				SDKROOT = iphoneos;
				SWIFT_ACTIVE_COMPILATION_CONDITIONS = DEBUG;
				SWIFT_OPTIMIZATION_LEVEL = "-Onone";
			};
			name = Debug;
		};
		594742C7261BC2C500E88576 /* Release */ = {
			isa = XCBuildConfiguration;
			buildSettings = {
				ALWAYS_SEARCH_USER_PATHS = NO;
				CLANG_ANALYZER_NONNULL = YES;
				CLANG_ANALYZER_NUMBER_OBJECT_CONVERSION = YES_AGGRESSIVE;
				CLANG_CXX_LANGUAGE_STANDARD = "gnu++14";
				CLANG_CXX_LIBRARY = "libc++";
				CLANG_ENABLE_MODULES = YES;
				CLANG_ENABLE_OBJC_ARC = YES;
				CLANG_ENABLE_OBJC_WEAK = YES;
				CLANG_WARN_BLOCK_CAPTURE_AUTORELEASING = YES;
				CLANG_WARN_BOOL_CONVERSION = YES;
				CLANG_WARN_COMMA = YES;
				CLANG_WARN_CONSTANT_CONVERSION = YES;
				CLANG_WARN_DEPRECATED_OBJC_IMPLEMENTATIONS = YES;
				CLANG_WARN_DIRECT_OBJC_ISA_USAGE = YES_ERROR;
				CLANG_WARN_DOCUMENTATION_COMMENTS = YES;
				CLANG_WARN_EMPTY_BODY = YES;
				CLANG_WARN_ENUM_CONVERSION = YES;
				CLANG_WARN_INFINITE_RECURSION = YES;
				CLANG_WARN_INT_CONVERSION = YES;
				CLANG_WARN_NON_LITERAL_NULL_CONVERSION = YES;
				CLANG_WARN_OBJC_IMPLICIT_RETAIN_SELF = YES;
				CLANG_WARN_OBJC_LITERAL_CONVERSION = YES;
				CLANG_WARN_OBJC_ROOT_CLASS = YES_ERROR;
				CLANG_WARN_QUOTED_INCLUDE_IN_FRAMEWORK_HEADER = YES;
				CLANG_WARN_RANGE_LOOP_ANALYSIS = YES;
				CLANG_WARN_STRICT_PROTOTYPES = YES;
				CLANG_WARN_SUSPICIOUS_MOVE = YES;
				CLANG_WARN_UNGUARDED_AVAILABILITY = YES_AGGRESSIVE;
				CLANG_WARN_UNREACHABLE_CODE = YES;
				CLANG_WARN__DUPLICATE_METHOD_MATCH = YES;
				COPY_PHASE_STRIP = NO;
				DEBUG_INFORMATION_FORMAT = "dwarf-with-dsym";
				ENABLE_NS_ASSERTIONS = NO;
				ENABLE_STRICT_OBJC_MSGSEND = YES;
				GCC_C_LANGUAGE_STANDARD = gnu11;
				GCC_NO_COMMON_BLOCKS = YES;
				GCC_WARN_64_TO_32_BIT_CONVERSION = YES;
				GCC_WARN_ABOUT_RETURN_TYPE = YES_ERROR;
				GCC_WARN_UNDECLARED_SELECTOR = YES;
				GCC_WARN_UNINITIALIZED_AUTOS = YES_AGGRESSIVE;
				GCC_WARN_UNUSED_FUNCTION = YES;
				GCC_WARN_UNUSED_VARIABLE = YES;
				IPHONEOS_DEPLOYMENT_TARGET = 14.4;
				MTL_ENABLE_DEBUG_INFO = NO;
				MTL_FAST_MATH = YES;
				SDKROOT = iphoneos;
				SWIFT_COMPILATION_MODE = wholemodule;
				SWIFT_OPTIMIZATION_LEVEL = "-O";
				VALIDATE_PRODUCT = YES;
			};
			name = Release;
		};
		594742C9261BC2C500E88576 /* Debug */ = {
			isa = XCBuildConfiguration;
			buildSettings = {
				ASSETCATALOG_COMPILER_APPICON_NAME = AppIcon;
				ASSETCATALOG_COMPILER_GLOBAL_ACCENT_COLOR_NAME = AccentColor;
				CODE_SIGN_STYLE = Automatic;
				DEVELOPMENT_TEAM = Q89MCEGMES;
				INFOPLIST_FILE = Stash_iOS_Challenge/Info.plist;
				LD_RUNPATH_SEARCH_PATHS = (
					"$(inherited)",
					"@executable_path/Frameworks",
				);
				PRODUCT_BUNDLE_IDENTIFIER = "com.lee.pollard.Stash-iOS-Challenge";
				PRODUCT_NAME = "$(TARGET_NAME)";
				SWIFT_VERSION = 5.0;
				TARGETED_DEVICE_FAMILY = "1,2";
			};
			name = Debug;
		};
		594742CA261BC2C500E88576 /* Release */ = {
			isa = XCBuildConfiguration;
			buildSettings = {
				ASSETCATALOG_COMPILER_APPICON_NAME = AppIcon;
				ASSETCATALOG_COMPILER_GLOBAL_ACCENT_COLOR_NAME = AccentColor;
				CODE_SIGN_STYLE = Automatic;
				DEVELOPMENT_TEAM = Q89MCEGMES;
				INFOPLIST_FILE = Stash_iOS_Challenge/Info.plist;
				LD_RUNPATH_SEARCH_PATHS = (
					"$(inherited)",
					"@executable_path/Frameworks",
				);
				PRODUCT_BUNDLE_IDENTIFIER = "com.lee.pollard.Stash-iOS-Challenge";
				PRODUCT_NAME = "$(TARGET_NAME)";
				SWIFT_VERSION = 5.0;
				TARGETED_DEVICE_FAMILY = "1,2";
			};
			name = Release;
		};
		594742CC261BC2C500E88576 /* Debug */ = {
			isa = XCBuildConfiguration;
			buildSettings = {
				ALWAYS_EMBED_SWIFT_STANDARD_LIBRARIES = YES;
				BUNDLE_LOADER = "$(TEST_HOST)";
				CODE_SIGN_STYLE = Automatic;
				DEVELOPMENT_TEAM = Q89MCEGMES;
				INFOPLIST_FILE = Stash_iOS_ChallengeTests/Info.plist;
				IPHONEOS_DEPLOYMENT_TARGET = 14.4;
				LD_RUNPATH_SEARCH_PATHS = (
					"$(inherited)",
					"@executable_path/Frameworks",
					"@loader_path/Frameworks",
				);
				PRODUCT_BUNDLE_IDENTIFIER = "com.lee.pollard.Stash-iOS-ChallengeTests";
				PRODUCT_NAME = "$(TARGET_NAME)";
				SWIFT_VERSION = 5.0;
				TARGETED_DEVICE_FAMILY = "1,2";
				TEST_HOST = "$(BUILT_PRODUCTS_DIR)/Stash_iOS_Challenge.app/Stash_iOS_Challenge";
			};
			name = Debug;
		};
		594742CD261BC2C500E88576 /* Release */ = {
			isa = XCBuildConfiguration;
			buildSettings = {
				ALWAYS_EMBED_SWIFT_STANDARD_LIBRARIES = YES;
				BUNDLE_LOADER = "$(TEST_HOST)";
				CODE_SIGN_STYLE = Automatic;
				DEVELOPMENT_TEAM = Q89MCEGMES;
				INFOPLIST_FILE = Stash_iOS_ChallengeTests/Info.plist;
				IPHONEOS_DEPLOYMENT_TARGET = 14.4;
				LD_RUNPATH_SEARCH_PATHS = (
					"$(inherited)",
					"@executable_path/Frameworks",
					"@loader_path/Frameworks",
				);
				PRODUCT_BUNDLE_IDENTIFIER = "com.lee.pollard.Stash-iOS-ChallengeTests";
				PRODUCT_NAME = "$(TARGET_NAME)";
				SWIFT_VERSION = 5.0;
				TARGETED_DEVICE_FAMILY = "1,2";
				TEST_HOST = "$(BUILT_PRODUCTS_DIR)/Stash_iOS_Challenge.app/Stash_iOS_Challenge";
			};
			name = Release;
		};
		594742CF261BC2C500E88576 /* Debug */ = {
			isa = XCBuildConfiguration;
			buildSettings = {
				ALWAYS_EMBED_SWIFT_STANDARD_LIBRARIES = YES;
				CODE_SIGN_STYLE = Automatic;
				DEVELOPMENT_TEAM = Q89MCEGMES;
				INFOPLIST_FILE = Stash_iOS_ChallengeUITests/Info.plist;
				LD_RUNPATH_SEARCH_PATHS = (
					"$(inherited)",
					"@executable_path/Frameworks",
					"@loader_path/Frameworks",
				);
				PRODUCT_BUNDLE_IDENTIFIER = "com.lee.pollard.Stash-iOS-ChallengeUITests";
				PRODUCT_NAME = "$(TARGET_NAME)";
				SWIFT_VERSION = 5.0;
				TARGETED_DEVICE_FAMILY = "1,2";
				TEST_TARGET_NAME = Stash_iOS_Challenge;
			};
			name = Debug;
		};
		594742D0261BC2C500E88576 /* Release */ = {
			isa = XCBuildConfiguration;
			buildSettings = {
				ALWAYS_EMBED_SWIFT_STANDARD_LIBRARIES = YES;
				CODE_SIGN_STYLE = Automatic;
				DEVELOPMENT_TEAM = Q89MCEGMES;
				INFOPLIST_FILE = Stash_iOS_ChallengeUITests/Info.plist;
				LD_RUNPATH_SEARCH_PATHS = (
					"$(inherited)",
					"@executable_path/Frameworks",
					"@loader_path/Frameworks",
				);
				PRODUCT_BUNDLE_IDENTIFIER = "com.lee.pollard.Stash-iOS-ChallengeUITests";
				PRODUCT_NAME = "$(TARGET_NAME)";
				SWIFT_VERSION = 5.0;
				TARGETED_DEVICE_FAMILY = "1,2";
				TEST_TARGET_NAME = Stash_iOS_Challenge;
			};
			name = Release;
		};
/* End XCBuildConfiguration section */

/* Begin XCConfigurationList section */
		59474299261BC2C400E88576 /* Build configuration list for PBXProject "Stash_iOS_Challenge" */ = {
			isa = XCConfigurationList;
			buildConfigurations = (
				594742C6261BC2C500E88576 /* Debug */,
				594742C7261BC2C500E88576 /* Release */,
			);
			defaultConfigurationIsVisible = 0;
			defaultConfigurationName = Release;
		};
		594742C8261BC2C500E88576 /* Build configuration list for PBXNativeTarget "Stash_iOS_Challenge" */ = {
			isa = XCConfigurationList;
			buildConfigurations = (
				594742C9261BC2C500E88576 /* Debug */,
				594742CA261BC2C500E88576 /* Release */,
			);
			defaultConfigurationIsVisible = 0;
			defaultConfigurationName = Release;
		};
		594742CB261BC2C500E88576 /* Build configuration list for PBXNativeTarget "Stash_iOS_ChallengeTests" */ = {
			isa = XCConfigurationList;
			buildConfigurations = (
				594742CC261BC2C500E88576 /* Debug */,
				594742CD261BC2C500E88576 /* Release */,
			);
			defaultConfigurationIsVisible = 0;
			defaultConfigurationName = Release;
		};
		594742CE261BC2C500E88576 /* Build configuration list for PBXNativeTarget "Stash_iOS_ChallengeUITests" */ = {
			isa = XCConfigurationList;
			buildConfigurations = (
				594742CF261BC2C500E88576 /* Debug */,
				594742D0261BC2C500E88576 /* Release */,
			);
			defaultConfigurationIsVisible = 0;
			defaultConfigurationName = Release;
		};
/* End XCConfigurationList section */
	};
	rootObject = 59474296261BC2C400E88576 /* Project object */;
}
